// !$*UTF8*$!
{
	archiveVersion = 1;
	classes = {
	};
	objectVersion = 46;
	objects = {

/* Begin PBXBuildFile section */
		0F1932EB1A5E08DF0083B96E /* manualSelect.js in Resources */ = {isa = PBXBuildFile; fileRef = 0F1932EA1A5E08DF0083B96E /* manualSelect.js */; };
		0F1932F21A5F2C430083B96E /* RPKMessageView.m in Sources */ = {isa = PBXBuildFile; fileRef = 0F1932F11A5F2C430083B96E /* RPKMessageView.m */; };
		0F1932F51A5F38950083B96E /* UIColor+RPK.m in Sources */ = {isa = PBXBuildFile; fileRef = 0F1932F41A5F38950083B96E /* UIColor+RPK.m */; };
		0F1932F71A5F51620083B96E /* customStyle.js in Resources */ = {isa = PBXBuildFile; fileRef = 0F1932F61A5F51620083B96E /* customStyle.js */; };
		0F49877B1A4A21BE0083F850 /* RPKCookieHandler.m in Sources */ = {isa = PBXBuildFile; fileRef = 0F49877A1A4A21BE0083F850 /* RPKCookieHandler.m */; };
		0F7135CD1A645841003E4180 /* RPKAlphaView.m in Sources */ = {isa = PBXBuildFile; fileRef = 0F7135CC1A645841003E4180 /* RPKAlphaView.m */; };
		0F78EEBD1A52FD9B003B7718 /* cookies.js in Resources */ = {isa = PBXBuildFile; fileRef = 0F78EEBC1A52FD9B003B7718 /* cookies.js */; };
		0F78EEBF1A5305D4003B7718 /* deleteCookies.js in Resources */ = {isa = PBXBuildFile; fileRef = 0F78EEBE1A5305D4003B7718 /* deleteCookies.js */; };
		0FA0ABB91A40ABE1007AA263 /* main.m in Sources */ = {isa = PBXBuildFile; fileRef = 0FA0ABB81A40ABE1007AA263 /* main.m */; };
		0FA0ABBC1A40ABE1007AA263 /* AppDelegate.m in Sources */ = {isa = PBXBuildFile; fileRef = 0FA0ABBB1A40ABE1007AA263 /* AppDelegate.m */; };
		0FA0ABC41A40ABE1007AA263 /* Images.xcassets in Resources */ = {isa = PBXBuildFile; fileRef = 0FA0ABC31A40ABE1007AA263 /* Images.xcassets */; };
		0FA0ABD31A40ABE1007AA263 /* kioskTests.m in Sources */ = {isa = PBXBuildFile; fileRef = 0FA0ABD21A40ABE1007AA263 /* kioskTests.m */; };
		0FA0ABDF1A40AE8A007AA263 /* Podfile in Resources */ = {isa = PBXBuildFile; fileRef = 0FA0ABDE1A40AE8A007AA263 /* Podfile */; };
		0FA0ABE21A40B0C7007AA263 /* RPKLayoutManager.m in Sources */ = {isa = PBXBuildFile; fileRef = 0FA0ABE11A40B0C7007AA263 /* RPKLayoutManager.m */; };
		0FA0ABE91A40B87B007AA263 /* RPKViewController.m in Sources */ = {isa = PBXBuildFile; fileRef = 0FA0ABE81A40B87B007AA263 /* RPKViewController.m */; };
		0FA0ABEC1A40C0AF007AA263 /* RPKMenuViewController.m in Sources */ = {isa = PBXBuildFile; fileRef = 0FA0ABEB1A40C0AF007AA263 /* RPKMenuViewController.m */; };
		0FA0ABEF1A40C0E9007AA263 /* RPKGoogleViewController.m in Sources */ = {isa = PBXBuildFile; fileRef = 0FA0ABEE1A40C0E9007AA263 /* RPKGoogleViewController.m */; };
		0FA0ABF21A40C1A8007AA263 /* RPKNavigationController.m in Sources */ = {isa = PBXBuildFile; fileRef = 0FA0ABF11A40C1A8007AA263 /* RPKNavigationController.m */; };
		0FA0ABF61A40C859007AA263 /* RPKMenuDataSource.m in Sources */ = {isa = PBXBuildFile; fileRef = 0FA0ABF51A40C859007AA263 /* RPKMenuDataSource.m */; };
		0FA0ABF81A40F707007AA263 /* icon_gplus.png in Resources */ = {isa = PBXBuildFile; fileRef = 0FA0ABF71A40F707007AA263 /* icon_gplus.png */; };
		0FA0ABFE1A40FBA9007AA263 /* RPKCollectionViewCell.m in Sources */ = {isa = PBXBuildFile; fileRef = 0FA0ABFD1A40FBA9007AA263 /* RPKCollectionViewCell.m */; };
		0FA0AC021A4103FA007AA263 /* UIImage+RPK.m in Sources */ = {isa = PBXBuildFile; fileRef = 0FA0AC011A4103FA007AA263 /* UIImage+RPK.m */; };
		0FA0AC061A411693007AA263 /* icon_reputation.png in Resources */ = {isa = PBXBuildFile; fileRef = 0FA0AC051A411693007AA263 /* icon_reputation.png */; };
		0FA0AC0C1A411AEC007AA263 /* icon_review_submit.png in Resources */ = {isa = PBXBuildFile; fileRef = 0FA0AC0B1A411AEC007AA263 /* icon_review_submit.png */; };
		0FA0AC1A1A489300007AA263 /* WebKit.framework in Frameworks */ = {isa = PBXBuildFile; fileRef = 0FA0AC191A489300007AA263 /* WebKit.framework */; };
		0FA0E1001A65D09B0011EAC9 /* NSBundle+RPK.m in Sources */ = {isa = PBXBuildFile; fileRef = 0FA0E0FF1A65D09B0011EAC9 /* NSBundle+RPK.m */; };
		0FA1E9421A605B8700DC4429 /* Settings.bundle in Resources */ = {isa = PBXBuildFile; fileRef = 0FA1E9411A605B8700DC4429 /* Settings.bundle */; };
		0FA1E9491A60704E00DC4429 /* menuBackground.jpg in Resources */ = {isa = PBXBuildFile; fileRef = 0FA1E9481A60704E00DC4429 /* menuBackground.jpg */; };
		0FA1E94C1A6095A800DC4429 /* RPKLoadingView.m in Sources */ = {isa = PBXBuildFile; fileRef = 0FA1E94B1A6095A800DC4429 /* RPKLoadingView.m */; };
		0FD805C11A5D18A900EE1AD6 /* RPKWebViewController.m in Sources */ = {isa = PBXBuildFile; fileRef = 0FD805C01A5D18A900EE1AD6 /* RPKWebViewController.m */; };
		0FD805C41A5D207E00EE1AD6 /* RPKMenuItem.m in Sources */ = {isa = PBXBuildFile; fileRef = 0FD805C31A5D207E00EE1AD6 /* RPKMenuItem.m */; };
		0FD805C71A5D20B200EE1AD6 /* RPKGoogleItem.m in Sources */ = {isa = PBXBuildFile; fileRef = 0FD805C61A5D20B200EE1AD6 /* RPKGoogleItem.m */; };
		0FD805CB1A5D977100EE1AD6 /* RPKExpirationView.m in Sources */ = {isa = PBXBuildFile; fileRef = 0FD805CA1A5D977100EE1AD6 /* RPKExpirationView.m */; };
		0FD805CE1A5D979500EE1AD6 /* RPKView.m in Sources */ = {isa = PBXBuildFile; fileRef = 0FD805CD1A5D979500EE1AD6 /* RPKView.m */; };
		B91F3340072D49079E4D21EB /* libPods.a in Frameworks */ = {isa = PBXBuildFile; fileRef = BAA7FA71AABB4ADB94A6204D /* libPods.a */; };
/* End PBXBuildFile section */

/* Begin PBXContainerItemProxy section */
		0FA0ABCD1A40ABE1007AA263 /* PBXContainerItemProxy */ = {
			isa = PBXContainerItemProxy;
			containerPortal = 0FA0ABAB1A40ABE1007AA263 /* Project object */;
			proxyType = 1;
			remoteGlobalIDString = 0FA0ABB21A40ABE1007AA263;
			remoteInfo = kiosk;
		};
/* End PBXContainerItemProxy section */

/* Begin PBXFileReference section */
		0F1932EA1A5E08DF0083B96E /* manualSelect.js */ = {isa = PBXFileReference; fileEncoding = 4; lastKnownFileType = sourcecode.javascript; path = manualSelect.js; sourceTree = "<group>"; };
		0F1932F01A5F2C430083B96E /* RPKMessageView.h */ = {isa = PBXFileReference; fileEncoding = 4; lastKnownFileType = sourcecode.c.h; path = RPKMessageView.h; sourceTree = "<group>"; };
		0F1932F11A5F2C430083B96E /* RPKMessageView.m */ = {isa = PBXFileReference; fileEncoding = 4; lastKnownFileType = sourcecode.c.objc; path = RPKMessageView.m; sourceTree = "<group>"; };
		0F1932F31A5F38950083B96E /* UIColor+RPK.h */ = {isa = PBXFileReference; fileEncoding = 4; lastKnownFileType = sourcecode.c.h; path = "UIColor+RPK.h"; sourceTree = "<group>"; };
		0F1932F41A5F38950083B96E /* UIColor+RPK.m */ = {isa = PBXFileReference; fileEncoding = 4; lastKnownFileType = sourcecode.c.objc; path = "UIColor+RPK.m"; sourceTree = "<group>"; };
		0F1932F61A5F51620083B96E /* customStyle.js */ = {isa = PBXFileReference; fileEncoding = 4; lastKnownFileType = sourcecode.javascript; path = customStyle.js; sourceTree = "<group>"; };
		0F4987791A4A21BE0083F850 /* RPKCookieHandler.h */ = {isa = PBXFileReference; fileEncoding = 4; lastKnownFileType = sourcecode.c.h; path = RPKCookieHandler.h; sourceTree = "<group>"; };
		0F49877A1A4A21BE0083F850 /* RPKCookieHandler.m */ = {isa = PBXFileReference; fileEncoding = 4; lastKnownFileType = sourcecode.c.objc; path = RPKCookieHandler.m; sourceTree = "<group>"; };
		0F7135CB1A645841003E4180 /* RPKAlphaView.h */ = {isa = PBXFileReference; fileEncoding = 4; lastKnownFileType = sourcecode.c.h; path = RPKAlphaView.h; sourceTree = "<group>"; };
		0F7135CC1A645841003E4180 /* RPKAlphaView.m */ = {isa = PBXFileReference; fileEncoding = 4; lastKnownFileType = sourcecode.c.objc; path = RPKAlphaView.m; sourceTree = "<group>"; };
		0F78EEBC1A52FD9B003B7718 /* cookies.js */ = {isa = PBXFileReference; fileEncoding = 4; lastKnownFileType = sourcecode.javascript; path = cookies.js; sourceTree = "<group>"; };
		0F78EEBE1A5305D4003B7718 /* deleteCookies.js */ = {isa = PBXFileReference; fileEncoding = 4; lastKnownFileType = sourcecode.javascript; path = deleteCookies.js; sourceTree = "<group>"; };
		0FA0ABB31A40ABE1007AA263 /* kiosk.app */ = {isa = PBXFileReference; explicitFileType = wrapper.application; includeInIndex = 0; path = kiosk.app; sourceTree = BUILT_PRODUCTS_DIR; };
		0FA0ABB71A40ABE1007AA263 /* Info.plist */ = {isa = PBXFileReference; lastKnownFileType = text.plist.xml; path = Info.plist; sourceTree = "<group>"; };
		0FA0ABB81A40ABE1007AA263 /* main.m */ = {isa = PBXFileReference; lastKnownFileType = sourcecode.c.objc; path = main.m; sourceTree = "<group>"; };
		0FA0ABBA1A40ABE1007AA263 /* AppDelegate.h */ = {isa = PBXFileReference; lastKnownFileType = sourcecode.c.h; path = AppDelegate.h; sourceTree = "<group>"; };
		0FA0ABBB1A40ABE1007AA263 /* AppDelegate.m */ = {isa = PBXFileReference; lastKnownFileType = sourcecode.c.objc; path = AppDelegate.m; sourceTree = "<group>"; };
		0FA0ABC31A40ABE1007AA263 /* Images.xcassets */ = {isa = PBXFileReference; lastKnownFileType = folder.assetcatalog; path = Images.xcassets; sourceTree = "<group>"; };
		0FA0ABCC1A40ABE1007AA263 /* kioskTests.xctest */ = {isa = PBXFileReference; explicitFileType = wrapper.cfbundle; includeInIndex = 0; path = kioskTests.xctest; sourceTree = BUILT_PRODUCTS_DIR; };
		0FA0ABD11A40ABE1007AA263 /* Info.plist */ = {isa = PBXFileReference; lastKnownFileType = text.plist.xml; path = Info.plist; sourceTree = "<group>"; };
		0FA0ABD21A40ABE1007AA263 /* kioskTests.m */ = {isa = PBXFileReference; lastKnownFileType = sourcecode.c.objc; path = kioskTests.m; sourceTree = "<group>"; };
		0FA0ABDE1A40AE8A007AA263 /* Podfile */ = {isa = PBXFileReference; fileEncoding = 4; lastKnownFileType = text; path = Podfile; sourceTree = "<group>"; xcLanguageSpecificationIdentifier = xcode.lang.ruby; };
		0FA0ABE01A40B0C7007AA263 /* RPKLayoutManager.h */ = {isa = PBXFileReference; fileEncoding = 4; lastKnownFileType = sourcecode.c.h; path = RPKLayoutManager.h; sourceTree = "<group>"; };
		0FA0ABE11A40B0C7007AA263 /* RPKLayoutManager.m */ = {isa = PBXFileReference; fileEncoding = 4; lastKnownFileType = sourcecode.c.objc; path = RPKLayoutManager.m; sourceTree = "<group>"; };
		0FA0ABE71A40B87B007AA263 /* RPKViewController.h */ = {isa = PBXFileReference; fileEncoding = 4; lastKnownFileType = sourcecode.c.h; path = RPKViewController.h; sourceTree = "<group>"; };
		0FA0ABE81A40B87B007AA263 /* RPKViewController.m */ = {isa = PBXFileReference; fileEncoding = 4; lastKnownFileType = sourcecode.c.objc; path = RPKViewController.m; sourceTree = "<group>"; };
		0FA0ABEA1A40C0AF007AA263 /* RPKMenuViewController.h */ = {isa = PBXFileReference; fileEncoding = 4; lastKnownFileType = sourcecode.c.h; path = RPKMenuViewController.h; sourceTree = "<group>"; };
		0FA0ABEB1A40C0AF007AA263 /* RPKMenuViewController.m */ = {isa = PBXFileReference; fileEncoding = 4; lastKnownFileType = sourcecode.c.objc; path = RPKMenuViewController.m; sourceTree = "<group>"; };
		0FA0ABED1A40C0E9007AA263 /* RPKGoogleViewController.h */ = {isa = PBXFileReference; fileEncoding = 4; lastKnownFileType = sourcecode.c.h; path = RPKGoogleViewController.h; sourceTree = "<group>"; };
		0FA0ABEE1A40C0E9007AA263 /* RPKGoogleViewController.m */ = {isa = PBXFileReference; fileEncoding = 4; lastKnownFileType = sourcecode.c.objc; path = RPKGoogleViewController.m; sourceTree = "<group>"; };
		0FA0ABF01A40C1A8007AA263 /* RPKNavigationController.h */ = {isa = PBXFileReference; fileEncoding = 4; lastKnownFileType = sourcecode.c.h; path = RPKNavigationController.h; sourceTree = "<group>"; };
		0FA0ABF11A40C1A8007AA263 /* RPKNavigationController.m */ = {isa = PBXFileReference; fileEncoding = 4; lastKnownFileType = sourcecode.c.objc; path = RPKNavigationController.m; sourceTree = "<group>"; };
		0FA0ABF41A40C859007AA263 /* RPKMenuDataSource.h */ = {isa = PBXFileReference; fileEncoding = 4; lastKnownFileType = sourcecode.c.h; path = RPKMenuDataSource.h; sourceTree = "<group>"; };
		0FA0ABF51A40C859007AA263 /* RPKMenuDataSource.m */ = {isa = PBXFileReference; fileEncoding = 4; lastKnownFileType = sourcecode.c.objc; path = RPKMenuDataSource.m; sourceTree = "<group>"; };
		0FA0ABF71A40F707007AA263 /* icon_gplus.png */ = {isa = PBXFileReference; lastKnownFileType = image.png; path = icon_gplus.png; sourceTree = "<group>"; };
		0FA0ABFC1A40FBA9007AA263 /* RPKCollectionViewCell.h */ = {isa = PBXFileReference; fileEncoding = 4; lastKnownFileType = sourcecode.c.h; path = RPKCollectionViewCell.h; sourceTree = "<group>"; };
		0FA0ABFD1A40FBA9007AA263 /* RPKCollectionViewCell.m */ = {isa = PBXFileReference; fileEncoding = 4; lastKnownFileType = sourcecode.c.objc; path = RPKCollectionViewCell.m; sourceTree = "<group>"; };
		0FA0AC001A4103FA007AA263 /* UIImage+RPK.h */ = {isa = PBXFileReference; fileEncoding = 4; lastKnownFileType = sourcecode.c.h; path = "UIImage+RPK.h"; sourceTree = "<group>"; };
		0FA0AC011A4103FA007AA263 /* UIImage+RPK.m */ = {isa = PBXFileReference; fileEncoding = 4; lastKnownFileType = sourcecode.c.objc; path = "UIImage+RPK.m"; sourceTree = "<group>"; };
		0FA0AC041A4104FD007AA263 /* RPKUIKit.h */ = {isa = PBXFileReference; fileEncoding = 4; lastKnownFileType = sourcecode.c.h; path = RPKUIKit.h; sourceTree = "<group>"; };
		0FA0AC051A411693007AA263 /* icon_reputation.png */ = {isa = PBXFileReference; lastKnownFileType = image.png; path = icon_reputation.png; sourceTree = "<group>"; };
		0FA0AC0B1A411AEC007AA263 /* icon_review_submit.png */ = {isa = PBXFileReference; lastKnownFileType = image.png; path = icon_review_submit.png; sourceTree = "<group>"; };
		0FA0AC191A489300007AA263 /* WebKit.framework */ = {isa = PBXFileReference; lastKnownFileType = wrapper.framework; name = WebKit.framework; path = System/Library/Frameworks/WebKit.framework; sourceTree = SDKROOT; };
		0FA0E0FE1A65D09B0011EAC9 /* NSBundle+RPK.h */ = {isa = PBXFileReference; fileEncoding = 4; lastKnownFileType = sourcecode.c.h; path = "NSBundle+RPK.h"; sourceTree = "<group>"; };
		0FA0E0FF1A65D09B0011EAC9 /* NSBundle+RPK.m */ = {isa = PBXFileReference; fileEncoding = 4; lastKnownFileType = sourcecode.c.objc; path = "NSBundle+RPK.m"; sourceTree = "<group>"; };
		0FA1E9411A605B8700DC4429 /* Settings.bundle */ = {isa = PBXFileReference; lastKnownFileType = "wrapper.plug-in"; path = Settings.bundle; sourceTree = "<group>"; };
		0FA1E9481A60704E00DC4429 /* menuBackground.jpg */ = {isa = PBXFileReference; lastKnownFileType = image.jpeg; path = menuBackground.jpg; sourceTree = "<group>"; };
		0FA1E94A1A6095A800DC4429 /* RPKLoadingView.h */ = {isa = PBXFileReference; fileEncoding = 4; lastKnownFileType = sourcecode.c.h; path = RPKLoadingView.h; sourceTree = "<group>"; };
		0FA1E94B1A6095A800DC4429 /* RPKLoadingView.m */ = {isa = PBXFileReference; fileEncoding = 4; lastKnownFileType = sourcecode.c.objc; path = RPKLoadingView.m; sourceTree = "<group>"; };
		0FD805BF1A5D18A900EE1AD6 /* RPKWebViewController.h */ = {isa = PBXFileReference; fileEncoding = 4; lastKnownFileType = sourcecode.c.h; path = RPKWebViewController.h; sourceTree = "<group>"; };
		0FD805C01A5D18A900EE1AD6 /* RPKWebViewController.m */ = {isa = PBXFileReference; fileEncoding = 4; lastKnownFileType = sourcecode.c.objc; path = RPKWebViewController.m; sourceTree = "<group>"; };
		0FD805C21A5D207E00EE1AD6 /* RPKMenuItem.h */ = {isa = PBXFileReference; fileEncoding = 4; lastKnownFileType = sourcecode.c.h; path = RPKMenuItem.h; sourceTree = "<group>"; };
		0FD805C31A5D207E00EE1AD6 /* RPKMenuItem.m */ = {isa = PBXFileReference; fileEncoding = 4; lastKnownFileType = sourcecode.c.objc; path = RPKMenuItem.m; sourceTree = "<group>"; };
		0FD805C51A5D20B200EE1AD6 /* RPKGoogleItem.h */ = {isa = PBXFileReference; fileEncoding = 4; lastKnownFileType = sourcecode.c.h; path = RPKGoogleItem.h; sourceTree = "<group>"; };
		0FD805C61A5D20B200EE1AD6 /* RPKGoogleItem.m */ = {isa = PBXFileReference; fileEncoding = 4; lastKnownFileType = sourcecode.c.objc; path = RPKGoogleItem.m; sourceTree = "<group>"; };
		0FD805C91A5D977100EE1AD6 /* RPKExpirationView.h */ = {isa = PBXFileReference; fileEncoding = 4; lastKnownFileType = sourcecode.c.h; path = RPKExpirationView.h; sourceTree = "<group>"; };
		0FD805CA1A5D977100EE1AD6 /* RPKExpirationView.m */ = {isa = PBXFileReference; fileEncoding = 4; lastKnownFileType = sourcecode.c.objc; path = RPKExpirationView.m; sourceTree = "<group>"; };
		0FD805CC1A5D979500EE1AD6 /* RPKView.h */ = {isa = PBXFileReference; fileEncoding = 4; lastKnownFileType = sourcecode.c.h; path = RPKView.h; sourceTree = "<group>"; };
		0FD805CD1A5D979500EE1AD6 /* RPKView.m */ = {isa = PBXFileReference; fileEncoding = 4; lastKnownFileType = sourcecode.c.objc; path = RPKView.m; sourceTree = "<group>"; };
		A54E7477F06A4189BAD439F9 /* Pods.xcconfig */ = {isa = PBXFileReference; includeInIndex = 1; lastKnownFileType = text.xcconfig; name = Pods.xcconfig; path = Pods/Pods.xcconfig; sourceTree = "<group>"; };
		BAA7FA71AABB4ADB94A6204D /* libPods.a */ = {isa = PBXFileReference; explicitFileType = archive.ar; includeInIndex = 0; path = libPods.a; sourceTree = BUILT_PRODUCTS_DIR; };
/* End PBXFileReference section */

/* Begin PBXFrameworksBuildPhase section */
		0FA0ABB01A40ABE1007AA263 /* Frameworks */ = {
			isa = PBXFrameworksBuildPhase;
			buildActionMask = 2147483647;
			files = (
				0FA0AC1A1A489300007AA263 /* WebKit.framework in Frameworks */,
				B91F3340072D49079E4D21EB /* libPods.a in Frameworks */,
			);
			runOnlyForDeploymentPostprocessing = 0;
		};
		0FA0ABC91A40ABE1007AA263 /* Frameworks */ = {
			isa = PBXFrameworksBuildPhase;
			buildActionMask = 2147483647;
			files = (
			);
			runOnlyForDeploymentPostprocessing = 0;
		};
/* End PBXFrameworksBuildPhase section */

/* Begin PBXGroup section */
		0F1932EC1A5E0EEA0083B96E /* Third Party */ = {
			isa = PBXGroup;
			children = (
			);
			path = "Third Party";
			sourceTree = "<group>";
		};
		0F4987781A4A203F0083F850 /* Utility */ = {
			isa = PBXGroup;
			children = (
				0FA0E1021A65D0B80011EAC9 /* Controller */,
				0FA0E1011A65D0A50011EAC9 /* Javascipts */,
				0FA0E0FD1A65D07E0011EAC9 /* Extension */,
			);
			path = Utility;
			sourceTree = "<group>";
		};
		0FA0ABAA1A40ABE1007AA263 = {
			isa = PBXGroup;
			children = (
				0FA0ABDE1A40AE8A007AA263 /* Podfile */,
				0F1932EC1A5E0EEA0083B96E /* Third Party */,
				0FA0ABB51A40ABE1007AA263 /* kiosk */,
				0FA0ABCF1A40ABE1007AA263 /* kioskTests */,
				0FA0ABB41A40ABE1007AA263 /* Products */,
				A54E7477F06A4189BAD439F9 /* Pods.xcconfig */,
				C9509CDA336D4DA3A9089C5C /* Frameworks */,
			);
			sourceTree = "<group>";
		};
		0FA0ABB41A40ABE1007AA263 /* Products */ = {
			isa = PBXGroup;
			children = (
				0FA0ABB31A40ABE1007AA263 /* kiosk.app */,
				0FA0ABCC1A40ABE1007AA263 /* kioskTests.xctest */,
			);
			name = Products;
			sourceTree = "<group>";
		};
		0FA0ABB51A40ABE1007AA263 /* kiosk */ = {
			isa = PBXGroup;
			children = (
				0FA0ABBA1A40ABE1007AA263 /* AppDelegate.h */,
				0FA0ABBB1A40ABE1007AA263 /* AppDelegate.m */,
				0FA0ABDC1A40AE29007AA263 /* UI */,
				0F4987781A4A203F0083F850 /* Utility */,
				0FA0ABC31A40ABE1007AA263 /* Images.xcassets */,
				0FA0ABB61A40ABE1007AA263 /* Supporting Files */,
			);
			path = kiosk;
			sourceTree = "<group>";
		};
		0FA0ABB61A40ABE1007AA263 /* Supporting Files */ = {
			isa = PBXGroup;
			children = (
				0FA0ABB71A40ABE1007AA263 /* Info.plist */,
				0FA0ABB81A40ABE1007AA263 /* main.m */,
				0FA1E9411A605B8700DC4429 /* Settings.bundle */,
			);
			name = "Supporting Files";
			sourceTree = "<group>";
		};
		0FA0ABCF1A40ABE1007AA263 /* kioskTests */ = {
			isa = PBXGroup;
			children = (
				0FA0ABD21A40ABE1007AA263 /* kioskTests.m */,
				0FA0ABD01A40ABE1007AA263 /* Supporting Files */,
			);
			path = kioskTests;
			sourceTree = "<group>";
		};
		0FA0ABD01A40ABE1007AA263 /* Supporting Files */ = {
			isa = PBXGroup;
			children = (
				0FA0ABD11A40ABE1007AA263 /* Info.plist */,
			);
			name = "Supporting Files";
			sourceTree = "<group>";
		};
		0FA0ABDC1A40AE29007AA263 /* UI */ = {
			isa = PBXGroup;
			children = (
				0FA0AC041A4104FD007AA263 /* RPKUIKit.h */,
				0FA0ABFF1A4103E3007AA263 /* Extension */,
				0FA0ABE31A40B191007AA263 /* Manager */,
				0FA0ABE61A40B1BB007AA263 /* Wrapper */,
				0FA0ABE41A40B19E007AA263 /* Screen */,
			);
			path = UI;
			sourceTree = "<group>";
		};
		0FA0ABE31A40B191007AA263 /* Manager */ = {
			isa = PBXGroup;
			children = (
				0FA0ABE01A40B0C7007AA263 /* RPKLayoutManager.h */,
				0FA0ABE11A40B0C7007AA263 /* RPKLayoutManager.m */,
			);
			name = Manager;
			sourceTree = "<group>";
		};
		0FA0ABE41A40B19E007AA263 /* Screen */ = {
			isa = PBXGroup;
			children = (
				0FA0ABF91A40F711007AA263 /* image */,
				0FA0ABF31A40C835007AA263 /* Model */,
				0FD805C81A5D974D00EE1AD6 /* View */,
				0FA0ABE51A40B1AB007AA263 /* Controllers */,
			);
			name = Screen;
			sourceTree = "<group>";
		};
		0FA0ABE51A40B1AB007AA263 /* Controllers */ = {
			isa = PBXGroup;
			children = (
				0FA0ABEA1A40C0AF007AA263 /* RPKMenuViewController.h */,
				0FA0ABEB1A40C0AF007AA263 /* RPKMenuViewController.m */,
				0FD805BF1A5D18A900EE1AD6 /* RPKWebViewController.h */,
				0FD805C01A5D18A900EE1AD6 /* RPKWebViewController.m */,
				0FA0ABED1A40C0E9007AA263 /* RPKGoogleViewController.h */,
				0FA0ABEE1A40C0E9007AA263 /* RPKGoogleViewController.m */,
			);
			name = Controllers;
			sourceTree = "<group>";
		};
		0FA0ABE61A40B1BB007AA263 /* Wrapper */ = {
			isa = PBXGroup;
			children = (
				0FD805CC1A5D979500EE1AD6 /* RPKView.h */,
				0FD805CD1A5D979500EE1AD6 /* RPKView.m */,
				0FA0ABE71A40B87B007AA263 /* RPKViewController.h */,
				0FA0ABE81A40B87B007AA263 /* RPKViewController.m */,
				0FA0ABF01A40C1A8007AA263 /* RPKNavigationController.h */,
				0FA0ABF11A40C1A8007AA263 /* RPKNavigationController.m */,
				0FA0ABFC1A40FBA9007AA263 /* RPKCollectionViewCell.h */,
				0FA0ABFD1A40FBA9007AA263 /* RPKCollectionViewCell.m */,
			);
			name = Wrapper;
			sourceTree = "<group>";
		};
		0FA0ABF31A40C835007AA263 /* Model */ = {
			isa = PBXGroup;
			children = (
				0FA0ABF41A40C859007AA263 /* RPKMenuDataSource.h */,
				0FA0ABF51A40C859007AA263 /* RPKMenuDataSource.m */,
				0FD805C21A5D207E00EE1AD6 /* RPKMenuItem.h */,
				0FD805C31A5D207E00EE1AD6 /* RPKMenuItem.m */,
				0FD805C51A5D20B200EE1AD6 /* RPKGoogleItem.h */,
				0FD805C61A5D20B200EE1AD6 /* RPKGoogleItem.m */,
			);
			name = Model;
			sourceTree = "<group>";
		};
		0FA0ABF91A40F711007AA263 /* image */ = {
			isa = PBXGroup;
			children = (
				0FA1E9481A60704E00DC4429 /* menuBackground.jpg */,
				0FA0AC0B1A411AEC007AA263 /* icon_review_submit.png */,
				0FA0ABF71A40F707007AA263 /* icon_gplus.png */,
				0FA0AC051A411693007AA263 /* icon_reputation.png */,
			);
			path = image;
			sourceTree = "<group>";
		};
		0FA0ABFF1A4103E3007AA263 /* Extension */ = {
			isa = PBXGroup;
			children = (
				0FA0AC001A4103FA007AA263 /* UIImage+RPK.h */,
				0FA0AC011A4103FA007AA263 /* UIImage+RPK.m */,
				0F1932F31A5F38950083B96E /* UIColor+RPK.h */,
				0F1932F41A5F38950083B96E /* UIColor+RPK.m */,
			);
			name = Extension;
			sourceTree = "<group>";
		};
		0FA0E0FD1A65D07E0011EAC9 /* Extension */ = {
			isa = PBXGroup;
			children = (
				0FA0E0FE1A65D09B0011EAC9 /* NSBundle+RPK.h */,
				0FA0E0FF1A65D09B0011EAC9 /* NSBundle+RPK.m */,
			);
			name = Extension;
			sourceTree = "<group>";
		};
		0FA0E1011A65D0A50011EAC9 /* Javascipts */ = {
			isa = PBXGroup;
			children = (
				0F78EEBC1A52FD9B003B7718 /* cookies.js */,
				0F78EEBE1A5305D4003B7718 /* deleteCookies.js */,
				0F1932EA1A5E08DF0083B96E /* manualSelect.js */,
				0F1932F61A5F51620083B96E /* customStyle.js */,
			);
			name = Javascipts;
			sourceTree = "<group>";
		};
		0FA0E1021A65D0B80011EAC9 /* Controller */ = {
			isa = PBXGroup;
			children = (
				0F4987791A4A21BE0083F850 /* RPKCookieHandler.h */,
				0F49877A1A4A21BE0083F850 /* RPKCookieHandler.m */,
			);
			name = Controller;
			sourceTree = "<group>";
		};
		0FD805C81A5D974D00EE1AD6 /* View */ = {
			isa = PBXGroup;
			children = (
				0F7135CB1A645841003E4180 /* RPKAlphaView.h */,
				0F7135CC1A645841003E4180 /* RPKAlphaView.m */,
				0FD805C91A5D977100EE1AD6 /* RPKExpirationView.h */,
				0FD805CA1A5D977100EE1AD6 /* RPKExpirationView.m */,
				0F1932F01A5F2C430083B96E /* RPKMessageView.h */,
				0F1932F11A5F2C430083B96E /* RPKMessageView.m */,
				0FA1E94A1A6095A800DC4429 /* RPKLoadingView.h */,
				0FA1E94B1A6095A800DC4429 /* RPKLoadingView.m */,
			);
			name = View;
			sourceTree = "<group>";
		};
		C9509CDA336D4DA3A9089C5C /* Frameworks */ = {
			isa = PBXGroup;
			children = (
				0FA0AC191A489300007AA263 /* WebKit.framework */,
				BAA7FA71AABB4ADB94A6204D /* libPods.a */,
			);
			name = Frameworks;
			sourceTree = "<group>";
		};
/* End PBXGroup section */

/* Begin PBXNativeTarget section */
		0FA0ABB21A40ABE1007AA263 /* kiosk */ = {
			isa = PBXNativeTarget;
			buildConfigurationList = 0FA0ABD61A40ABE1007AA263 /* Build configuration list for PBXNativeTarget "kiosk" */;
			buildPhases = (
				982F68D230A8474D84E5532E /* Check Pods Manifest.lock */,
				0FA0ABAF1A40ABE1007AA263 /* Sources */,
				0FA0ABB01A40ABE1007AA263 /* Frameworks */,
				0FA0ABB11A40ABE1007AA263 /* Resources */,
				1CB4BFDE8EA94159830284E1 /* Copy Pods Resources */,
			);
			buildRules = (
			);
			dependencies = (
			);
			name = kiosk;
			productName = kiosk;
			productReference = 0FA0ABB31A40ABE1007AA263 /* kiosk.app */;
			productType = "com.apple.product-type.application";
		};
		0FA0ABCB1A40ABE1007AA263 /* kioskTests */ = {
			isa = PBXNativeTarget;
			buildConfigurationList = 0FA0ABD91A40ABE1007AA263 /* Build configuration list for PBXNativeTarget "kioskTests" */;
			buildPhases = (
				0FA0ABC81A40ABE1007AA263 /* Sources */,
				0FA0ABC91A40ABE1007AA263 /* Frameworks */,
				0FA0ABCA1A40ABE1007AA263 /* Resources */,
			);
			buildRules = (
			);
			dependencies = (
				0FA0ABCE1A40ABE1007AA263 /* PBXTargetDependency */,
			);
			name = kioskTests;
			productName = kioskTests;
			productReference = 0FA0ABCC1A40ABE1007AA263 /* kioskTests.xctest */;
			productType = "com.apple.product-type.bundle.unit-test";
		};
/* End PBXNativeTarget section */

/* Begin PBXProject section */
		0FA0ABAB1A40ABE1007AA263 /* Project object */ = {
			isa = PBXProject;
			attributes = {
				LastUpgradeCheck = 0610;
				ORGANIZATIONNAME = Reputation;
				TargetAttributes = {
					0FA0ABB21A40ABE1007AA263 = {
						CreatedOnToolsVersion = 6.1.1;
						DevelopmentTeam = 83MUD7ANA9;
					};
					0FA0ABCB1A40ABE1007AA263 = {
						CreatedOnToolsVersion = 6.1.1;
						TestTargetID = 0FA0ABB21A40ABE1007AA263;
					};
				};
			};
			buildConfigurationList = 0FA0ABAE1A40ABE1007AA263 /* Build configuration list for PBXProject "kiosk" */;
			compatibilityVersion = "Xcode 3.2";
			developmentRegion = English;
			hasScannedForEncodings = 0;
			knownRegions = (
				en,
				Base,
			);
			mainGroup = 0FA0ABAA1A40ABE1007AA263;
			productRefGroup = 0FA0ABB41A40ABE1007AA263 /* Products */;
			projectDirPath = "";
			projectRoot = "";
			targets = (
				0FA0ABB21A40ABE1007AA263 /* kiosk */,
				0FA0ABCB1A40ABE1007AA263 /* kioskTests */,
			);
		};
/* End PBXProject section */

/* Begin PBXResourcesBuildPhase section */
		0FA0ABB11A40ABE1007AA263 /* Resources */ = {
			isa = PBXResourcesBuildPhase;
			buildActionMask = 2147483647;
			files = (
				0F1932EB1A5E08DF0083B96E /* manualSelect.js in Resources */,
				0F78EEBD1A52FD9B003B7718 /* cookies.js in Resources */,
				0FA1E9421A605B8700DC4429 /* Settings.bundle in Resources */,
				0F78EEBF1A5305D4003B7718 /* deleteCookies.js in Resources */,
				0FA0AC061A411693007AA263 /* icon_reputation.png in Resources */,
				0F1932F71A5F51620083B96E /* customStyle.js in Resources */,
				0FA0ABF81A40F707007AA263 /* icon_gplus.png in Resources */,
				0FA0ABDF1A40AE8A007AA263 /* Podfile in Resources */,
				0FA0ABC41A40ABE1007AA263 /* Images.xcassets in Resources */,
				0FA1E9491A60704E00DC4429 /* menuBackground.jpg in Resources */,
				0FA0AC0C1A411AEC007AA263 /* icon_review_submit.png in Resources */,
			);
			runOnlyForDeploymentPostprocessing = 0;
		};
		0FA0ABCA1A40ABE1007AA263 /* Resources */ = {
			isa = PBXResourcesBuildPhase;
			buildActionMask = 2147483647;
			files = (
			);
			runOnlyForDeploymentPostprocessing = 0;
		};
/* End PBXResourcesBuildPhase section */

/* Begin PBXShellScriptBuildPhase section */
		1CB4BFDE8EA94159830284E1 /* Copy Pods Resources */ = {
			isa = PBXShellScriptBuildPhase;
			buildActionMask = 2147483647;
			files = (
			);
			inputPaths = (
			);
			name = "Copy Pods Resources";
			outputPaths = (
			);
			runOnlyForDeploymentPostprocessing = 0;
			shellPath = /bin/sh;
			shellScript = "\"${SRCROOT}/Pods/Pods-resources.sh\"\n";
			showEnvVarsInLog = 0;
		};
		982F68D230A8474D84E5532E /* Check Pods Manifest.lock */ = {
			isa = PBXShellScriptBuildPhase;
			buildActionMask = 2147483647;
			files = (
			);
			inputPaths = (
			);
			name = "Check Pods Manifest.lock";
			outputPaths = (
			);
			runOnlyForDeploymentPostprocessing = 0;
			shellPath = /bin/sh;
			shellScript = "diff \"${PODS_ROOT}/../Podfile.lock\" \"${PODS_ROOT}/Manifest.lock\" > /dev/null\nif [[ $? != 0 ]] ; then\n    cat << EOM\nerror: The sandbox is not in sync with the Podfile.lock. Run 'pod install' or update your CocoaPods installation.\nEOM\n    exit 1\nfi\n";
			showEnvVarsInLog = 0;
		};
/* End PBXShellScriptBuildPhase section */

/* Begin PBXSourcesBuildPhase section */
		0FA0ABAF1A40ABE1007AA263 /* Sources */ = {
			isa = PBXSourcesBuildPhase;
			buildActionMask = 2147483647;
			files = (
				0FA0ABEF1A40C0E9007AA263 /* RPKGoogleViewController.m in Sources */,
				0FD805C71A5D20B200EE1AD6 /* RPKGoogleItem.m in Sources */,
				0FA0ABEC1A40C0AF007AA263 /* RPKMenuViewController.m in Sources */,
				0FA0ABBC1A40ABE1007AA263 /* AppDelegate.m in Sources */,
				0FD805C11A5D18A900EE1AD6 /* RPKWebViewController.m in Sources */,
				0FA0E1001A65D09B0011EAC9 /* NSBundle+RPK.m in Sources */,
				0F49877B1A4A21BE0083F850 /* RPKCookieHandler.m in Sources */,
				0FA0ABF61A40C859007AA263 /* RPKMenuDataSource.m in Sources */,
				0F1932F51A5F38950083B96E /* UIColor+RPK.m in Sources */,
				0FA0ABE21A40B0C7007AA263 /* RPKLayoutManager.m in Sources */,
				0FA0ABF21A40C1A8007AA263 /* RPKNavigationController.m in Sources */,
				0F1932F21A5F2C430083B96E /* RPKMessageView.m in Sources */,
				0FA0ABFE1A40FBA9007AA263 /* RPKCollectionViewCell.m in Sources */,
				0FD805CB1A5D977100EE1AD6 /* RPKExpirationView.m in Sources */,
				0FA0ABE91A40B87B007AA263 /* RPKViewController.m in Sources */,
				0FD805CE1A5D979500EE1AD6 /* RPKView.m in Sources */,
				0FA0ABB91A40ABE1007AA263 /* main.m in Sources */,
				0FA1E94C1A6095A800DC4429 /* RPKLoadingView.m in Sources */,
				0FD805C41A5D207E00EE1AD6 /* RPKMenuItem.m in Sources */,
				0FA0AC021A4103FA007AA263 /* UIImage+RPK.m in Sources */,
				0F7135CD1A645841003E4180 /* RPKAlphaView.m in Sources */,
			);
			runOnlyForDeploymentPostprocessing = 0;
		};
		0FA0ABC81A40ABE1007AA263 /* Sources */ = {
			isa = PBXSourcesBuildPhase;
			buildActionMask = 2147483647;
			files = (
				0FA0ABD31A40ABE1007AA263 /* kioskTests.m in Sources */,
			);
			runOnlyForDeploymentPostprocessing = 0;
		};
/* End PBXSourcesBuildPhase section */

/* Begin PBXTargetDependency section */
		0FA0ABCE1A40ABE1007AA263 /* PBXTargetDependency */ = {
			isa = PBXTargetDependency;
			target = 0FA0ABB21A40ABE1007AA263 /* kiosk */;
			targetProxy = 0FA0ABCD1A40ABE1007AA263 /* PBXContainerItemProxy */;
		};
/* End PBXTargetDependency section */

/* Begin XCBuildConfiguration section */
		0FA0ABD41A40ABE1007AA263 /* Debug */ = {
			isa = XCBuildConfiguration;
			buildSettings = {
				ALWAYS_SEARCH_USER_PATHS = NO;
				CLANG_CXX_LANGUAGE_STANDARD = "gnu++0x";
				CLANG_CXX_LIBRARY = "libc++";
				CLANG_ENABLE_MODULES = YES;
				CLANG_ENABLE_OBJC_ARC = YES;
				CLANG_WARN_BOOL_CONVERSION = YES;
				CLANG_WARN_CONSTANT_CONVERSION = YES;
				CLANG_WARN_DIRECT_OBJC_ISA_USAGE = YES_ERROR;
				CLANG_WARN_EMPTY_BODY = YES;
				CLANG_WARN_ENUM_CONVERSION = YES;
				CLANG_WARN_INT_CONVERSION = YES;
				CLANG_WARN_OBJC_ROOT_CLASS = YES_ERROR;
				CLANG_WARN_UNREACHABLE_CODE = YES;
				CLANG_WARN__DUPLICATE_METHOD_MATCH = YES;
				"CODE_SIGN_IDENTITY[sdk=iphoneos*]" = "iPhone Developer";
				COPY_PHASE_STRIP = NO;
				ENABLE_STRICT_OBJC_MSGSEND = YES;
				GCC_C_LANGUAGE_STANDARD = gnu99;
				GCC_DYNAMIC_NO_PIC = NO;
				GCC_OPTIMIZATION_LEVEL = 0;
				GCC_PREPROCESSOR_DEFINITIONS = (
					"DEBUG=1",
					"$(inherited)",
				);
				GCC_SYMBOLS_PRIVATE_EXTERN = NO;
				GCC_WARN_64_TO_32_BIT_CONVERSION = YES;
				GCC_WARN_ABOUT_RETURN_TYPE = YES_ERROR;
				GCC_WARN_UNDECLARED_SELECTOR = YES;
				GCC_WARN_UNINITIALIZED_AUTOS = YES_AGGRESSIVE;
				GCC_WARN_UNUSED_FUNCTION = YES;
				GCC_WARN_UNUSED_VARIABLE = YES;
				IPHONEOS_DEPLOYMENT_TARGET = 7.0;
				MTL_ENABLE_DEBUG_INFO = YES;
				ONLY_ACTIVE_ARCH = YES;
				SDKROOT = iphoneos;
				TARGETED_DEVICE_FAMILY = "1,2";
			};
			name = Debug;
		};
		0FA0ABD51A40ABE1007AA263 /* Release */ = {
			isa = XCBuildConfiguration;
			buildSettings = {
				ALWAYS_SEARCH_USER_PATHS = NO;
				CLANG_CXX_LANGUAGE_STANDARD = "gnu++0x";
				CLANG_CXX_LIBRARY = "libc++";
				CLANG_ENABLE_MODULES = YES;
				CLANG_ENABLE_OBJC_ARC = YES;
				CLANG_WARN_BOOL_CONVERSION = YES;
				CLANG_WARN_CONSTANT_CONVERSION = YES;
				CLANG_WARN_DIRECT_OBJC_ISA_USAGE = YES_ERROR;
				CLANG_WARN_EMPTY_BODY = YES;
				CLANG_WARN_ENUM_CONVERSION = YES;
				CLANG_WARN_INT_CONVERSION = YES;
				CLANG_WARN_OBJC_ROOT_CLASS = YES_ERROR;
				CLANG_WARN_UNREACHABLE_CODE = YES;
				CLANG_WARN__DUPLICATE_METHOD_MATCH = YES;
				"CODE_SIGN_IDENTITY[sdk=iphoneos*]" = "iPhone Developer";
				COPY_PHASE_STRIP = YES;
				ENABLE_NS_ASSERTIONS = NO;
				ENABLE_STRICT_OBJC_MSGSEND = YES;
				GCC_C_LANGUAGE_STANDARD = gnu99;
				GCC_WARN_64_TO_32_BIT_CONVERSION = YES;
				GCC_WARN_ABOUT_RETURN_TYPE = YES_ERROR;
				GCC_WARN_UNDECLARED_SELECTOR = YES;
				GCC_WARN_UNINITIALIZED_AUTOS = YES_AGGRESSIVE;
				GCC_WARN_UNUSED_FUNCTION = YES;
				GCC_WARN_UNUSED_VARIABLE = YES;
				IPHONEOS_DEPLOYMENT_TARGET = 7.0;
				MTL_ENABLE_DEBUG_INFO = NO;
				SDKROOT = iphoneos;
				TARGETED_DEVICE_FAMILY = "1,2";
				VALIDATE_PRODUCT = YES;
			};
			name = Release;
		};
		0FA0ABD71A40ABE1007AA263 /* Debug */ = {
			isa = XCBuildConfiguration;
			baseConfigurationReference = A54E7477F06A4189BAD439F9 /* Pods.xcconfig */;
			buildSettings = {
				ASSETCATALOG_COMPILER_APPICON_NAME = AppIcon;
				CODE_SIGN_IDENTITY = "iPhone Developer";
				"CODE_SIGN_IDENTITY[sdk=iphoneos*]" = "iPhone Developer";
				INFOPLIST_FILE = kiosk/Info.plist;
				LD_RUNPATH_SEARCH_PATHS = "$(inherited) @executable_path/Frameworks";
				PRODUCT_NAME = "$(TARGET_NAME)";
				PROVISIONING_PROFILE = "";
			};
			name = Debug;
		};
		0FA0ABD81A40ABE1007AA263 /* Release */ = {
			isa = XCBuildConfiguration;
			baseConfigurationReference = A54E7477F06A4189BAD439F9 /* Pods.xcconfig */;
			buildSettings = {
				ASSETCATALOG_COMPILER_APPICON_NAME = AppIcon;
				CODE_SIGN_IDENTITY = "iPhone Developer";
				"CODE_SIGN_IDENTITY[sdk=iphoneos*]" = "iPhone Developer";
				INFOPLIST_FILE = kiosk/Info.plist;
				LD_RUNPATH_SEARCH_PATHS = "$(inherited) @executable_path/Frameworks";
				PRODUCT_NAME = "$(TARGET_NAME)";
				PROVISIONING_PROFILE = "";
			};
			name = Release;
		};
		0FA0ABDA1A40ABE1007AA263 /* Debug */ = {
			isa = XCBuildConfiguration;
			buildSettings = {
				BUNDLE_LOADER = "$(TEST_HOST)";
				FRAMEWORK_SEARCH_PATHS = (
					"$(SDKROOT)/Developer/Library/Frameworks",
					"$(inherited)",
				);
				GCC_PREPROCESSOR_DEFINITIONS = (
					"DEBUG=1",
					"$(inherited)",
				);
				INFOPLIST_FILE = kioskTests/Info.plist;
				LD_RUNPATH_SEARCH_PATHS = "$(inherited) @executable_path/Frameworks @loader_path/Frameworks";
				PRODUCT_NAME = "$(TARGET_NAME)";
				TEST_HOST = "$(BUILT_PRODUCTS_DIR)/kiosk.app/kiosk";
			};
			name = Debug;
		};
		0FA0ABDB1A40ABE1007AA263 /* Release */ = {
			isa = XCBuildConfiguration;
			buildSettings = {
				BUNDLE_LOADER = "$(TEST_HOST)";
				FRAMEWORK_SEARCH_PATHS = (
					"$(SDKROOT)/Developer/Library/Frameworks",
					"$(inherited)",
				);
				INFOPLIST_FILE = kioskTests/Info.plist;
				LD_RUNPATH_SEARCH_PATHS = "$(inherited) @executable_path/Frameworks @loader_path/Frameworks";
				PRODUCT_NAME = "$(TARGET_NAME)";
				TEST_HOST = "$(BUILT_PRODUCTS_DIR)/kiosk.app/kiosk";
			};
			name = Release;
		};
/* End XCBuildConfiguration section */

/* Begin XCConfigurationList section */
		0FA0ABAE1A40ABE1007AA263 /* Build configuration list for PBXProject "kiosk" */ = {
			isa = XCConfigurationList;
			buildConfigurations = (
				0FA0ABD41A40ABE1007AA263 /* Debug */,
				0FA0ABD51A40ABE1007AA263 /* Release */,
			);
			defaultConfigurationIsVisible = 0;
			defaultConfigurationName = Release;
		};
		0FA0ABD61A40ABE1007AA263 /* Build configuration list for PBXNativeTarget "kiosk" */ = {
			isa = XCConfigurationList;
			buildConfigurations = (
				0FA0ABD71A40ABE1007AA263 /* Debug */,
				0FA0ABD81A40ABE1007AA263 /* Release */,
			);
			defaultConfigurationIsVisible = 0;
			defaultConfigurationName = Release;
		};
		0FA0ABD91A40ABE1007AA263 /* Build configuration list for PBXNativeTarget "kioskTests" */ = {
			isa = XCConfigurationList;
			buildConfigurations = (
				0FA0ABDA1A40ABE1007AA263 /* Debug */,
				0FA0ABDB1A40ABE1007AA263 /* Release */,
			);
			defaultConfigurationIsVisible = 0;
			defaultConfigurationName = Release;
		};
/* End XCConfigurationList section */
	};
	rootObject = 0FA0ABAB1A40ABE1007AA263 /* Project object */;
}
